{
  "name": "@goodrequest/test-coverage-push-script",
  "version": "0.0.2",
  "lockfileVersion": 2,
  "requires": true,
  "packages": {
    "": {
      "name": "@goodrequest/test-coverage-push-script",
      "version": "0.0.2",
      "bin": {
        "test-coverage-push-script": "index.js"
      }
    }
  }
}
